
Microsoft Visual Studio Solution File, Format Version 12.00
# Visual Studio Version 16
VisualStudioVersion = 16.0.30907.101
MinimumVisualStudioVersion = 10.0.40219.1
Project("{FAE04EC0-301F-11D3-BF4B-00C04F79EFBC}") = "InlamningsUppgift3", "InlamningsUppgift3\InlamningsUppgift3.csproj", "{0B421519-8242-439C-9C5C-45D34C17A17E}"
EndProject
Global
	GlobalSection(SolutionConfigurationPlatforms) = preSolution
		Debug|Any CPU = Debug|Any CPU
		Release|Any CPU = Release|Any CPU
	EndGlobalSection
	GlobalSection(ProjectConfigurationPlatforms) = postSolution
		{0B421519-8242-439C-9C5C-45D34C17A17E}.Debug|Any CPU.ActiveCfg = Debug|Any CPU
		{0B421519-8242-439C-9C5C-45D34C17A17E}.Debug|Any CPU.Build.0 = Debug|Any CPU
		{0B421519-8242-439C-9C5C-45D34C17A17E}.Release|Any CPU.ActiveCfg = Release|Any CPU
		{0B421519-8242-439C-9C5C-45D34C17A17E}.Release|Any CPU.Build.0 = Release|Any CPU
	EndGlobalSection
	GlobalSection(SolutionProperties) = preSolution
		HideSolutionNode = FALSE
	EndGlobalSection
	GlobalSection(ExtensibilityGlobals) = postSolution
		SolutionGuid = {2331395F-556A-4F76-A774-EAD4ABECD252}
	EndGlobalSection
EndGlobal
